
Microsoft Visual Studio Solution File, Format Version 12.00
# Visual Studio 15
VisualStudioVersion = 15.0.28307.136
MinimumVisualStudioVersion = 10.0.40219.1
Project("{FAE04EC0-301F-11D3-BF4B-00C04F79EFBC}") = "PathshalaWebApi", "PathshalaWebApi.csproj", "{633E4424-16AD-4FF8-AAFE-2D2D484B56B5}"
EndProject
Global
	GlobalSection(SolutionConfigurationPlatforms) = preSolution
		Debug|Any CPU = Debug|Any CPU
		Release|Any CPU = Release|Any CPU
	EndGlobalSection
	GlobalSection(ProjectConfigurationPlatforms) = postSolution
		{633E4424-16AD-4FF8-AAFE-2D2D484B56B5}.Debug|Any CPU.ActiveCfg = Debug|Any CPU
		{633E4424-16AD-4FF8-AAFE-2D2D484B56B5}.Debug|Any CPU.Build.0 = Debug|Any CPU
		{633E4424-16AD-4FF8-AAFE-2D2D484B56B5}.Release|Any CPU.ActiveCfg = Release|Any CPU
		{633E4424-16AD-4FF8-AAFE-2D2D484B56B5}.Release|Any CPU.Build.0 = Release|Any CPU
	EndGlobalSection
	GlobalSection(SolutionProperties) = preSolution
		HideSolutionNode = FALSE
	EndGlobalSection
	GlobalSection(ExtensibilityGlobals) = postSolution
		SolutionGuid = {07EEBC94-BDEB-42B8-BEB1-E40C1E65DAB6}
	EndGlobalSection
EndGlobal
