
Microsoft Visual Studio Solution File, Format Version 12.00
# Visual Studio 15
VisualStudioVersion = 15.0.28307.136
MinimumVisualStudioVersion = 10.0.40219.1
Project("{FAE04EC0-301F-11D3-BF4B-00C04F79EFBC}") = "PathshalaWebApi", "PathshalaWebApi.csproj", "{633E4424-16AD-4FF8-AAFE-2D2D484B56B5}"
EndProject
Project("{E24C65DC-7377-472B-9ABA-BC803B73C61A}") = "my-app", "..\my-app\", "{680CEE42-47B9-4FE4-8705-3027BA083640}"
	ProjectSection(WebsiteProperties) = preProject
		TargetFrameworkMoniker = ".NETFramework,Version%3Dv4.0"
		Debug.AspNetCompiler.VirtualPath = "/localhost_56745"
		Debug.AspNetCompiler.PhysicalPath = "..\my-app\"
		Debug.AspNetCompiler.TargetPath = "PrecompiledWeb\localhost_56745\"
		Debug.AspNetCompiler.Updateable = "true"
		Debug.AspNetCompiler.ForceOverwrite = "true"
		Debug.AspNetCompiler.FixedNames = "false"
		Debug.AspNetCompiler.Debug = "True"
		Release.AspNetCompiler.VirtualPath = "/localhost_56745"
		Release.AspNetCompiler.PhysicalPath = "..\my-app\"
		Release.AspNetCompiler.TargetPath = "PrecompiledWeb\localhost_56745\"
		Release.AspNetCompiler.Updateable = "true"
		Release.AspNetCompiler.ForceOverwrite = "true"
		Release.AspNetCompiler.FixedNames = "false"
		Release.AspNetCompiler.Debug = "False"
		VWDPort = "56745"
	EndProjectSection
EndProject
Global
	GlobalSection(SolutionConfigurationPlatforms) = preSolution
		Debug|Any CPU = Debug|Any CPU
		Release|Any CPU = Release|Any CPU
	EndGlobalSection
	GlobalSection(ProjectConfigurationPlatforms) = postSolution
		{633E4424-16AD-4FF8-AAFE-2D2D484B56B5}.Debug|Any CPU.ActiveCfg = Debug|Any CPU
		{633E4424-16AD-4FF8-AAFE-2D2D484B56B5}.Debug|Any CPU.Build.0 = Debug|Any CPU
		{633E4424-16AD-4FF8-AAFE-2D2D484B56B5}.Release|Any CPU.ActiveCfg = Release|Any CPU
		{633E4424-16AD-4FF8-AAFE-2D2D484B56B5}.Release|Any CPU.Build.0 = Release|Any CPU
		{680CEE42-47B9-4FE4-8705-3027BA083640}.Debug|Any CPU.ActiveCfg = Debug|Any CPU
		{680CEE42-47B9-4FE4-8705-3027BA083640}.Debug|Any CPU.Build.0 = Debug|Any CPU
		{680CEE42-47B9-4FE4-8705-3027BA083640}.Release|Any CPU.ActiveCfg = Debug|Any CPU
		{680CEE42-47B9-4FE4-8705-3027BA083640}.Release|Any CPU.Build.0 = Debug|Any CPU
	EndGlobalSection
	GlobalSection(SolutionProperties) = preSolution
		HideSolutionNode = FALSE
	EndGlobalSection
	GlobalSection(ExtensibilityGlobals) = postSolution
		SolutionGuid = {07EEBC94-BDEB-42B8-BEB1-E40C1E65DAB6}
	EndGlobalSection
EndGlobal
